{
  "version": 4,
  "terraform_version": "1.8.4",
  "serial": 5,
  "lineage": "614f0be9-29a4-e918-9848-d2521f360247",
  "outputs": {},
  "resources": [
    {
      "mode": "data",
      "type": "template_file",
      "name": "cloudinit",
      "provider": "provider[\"registry.terraform.io/hashicorp/template\"]",
      "instances": [
        {
          "schema_version": 0,
          "attributes": {
            "filename": null,
            "id": "28dcbbc9f7e00ca6e6521eb72968e6ce5e10ab8c651768875f933264147ded8a",
            "rendered": "users:\n    - name: ubuntu\n      ssh_authorized_keys: \n        - ssh-ed25519 AAAAC3NzaC1lZDI1NTE5AAAAIBVXzsM6WUWHyT10Ux8EKR61Ai5iJ560wTrHR2B46tTA netology@netology-VirtualBox\n\n    groups: sudo\n    shell: /bin/bash\n    sudo: [\"ALL=(ALL) NOPASSWD:ALL\"]\npackage_update: true\npackage_upgrade: false\npackages:\n   nginx",
            "template": "users:\n    - name: ${username}\n      ssh_authorized_keys: \n        - ${ssh_public_key}\n    groups: sudo\n    shell: /bin/bash\n    sudo: [\"ALL=(ALL) NOPASSWD:ALL\"]\npackage_update: true\npackage_upgrade: false\npackages:\n   nginx",
            "vars": {
              "ssh_public_key": "ssh-ed25519 AAAAC3NzaC1lZDI1NTE5AAAAIBVXzsM6WUWHyT10Ux8EKR61Ai5iJ560wTrHR2B46tTA netology@netology-VirtualBox\n",
              "username": "ubuntu"
            }
          },
          "sensitive_attributes": []
        }
      ]
    },
    {
      "module": "module.analytics_vm",
      "mode": "data",
      "type": "yandex_compute_image",
      "name": "my_image",
      "provider": "provider[\"registry.terraform.io/yandex-cloud/yandex\"]",
      "instances": [
        {
          "schema_version": 0,
          "attributes": {
            "created_at": "2024-09-30T10:59:38Z",
            "description": "ubuntu 20.04 lts",
            "family": "ubuntu-2004-lts",
            "folder_id": "standard-images",
            "id": "fd8qoq7esb0f68ns31bo",
            "image_id": "fd8qoq7esb0f68ns31bo",
            "labels": {},
            "min_disk_size": 5,
            "name": "ubuntu-20-04-lts-v20240930",
            "os_type": "linux",
            "pooled": true,
            "product_ids": [
              "f2euk5kbdt5n50i1it6g"
            ],
            "size": 4,
            "status": "ready"
          },
          "sensitive_attributes": []
        }
      ]
    },
    {
      "module": "module.analytics_vm",
      "mode": "managed",
      "type": "yandex_compute_instance",
      "name": "vm",
      "provider": "provider[\"registry.terraform.io/yandex-cloud/yandex\"]",
      "instances": [
        {
          "index_key": 0,
          "schema_version": 1,
          "attributes": {
            "allow_recreate": null,
            "allow_stopping_for_update": true,
            "boot_disk": [
              {
                "auto_delete": true,
                "device_name": "fhmlklkhmmoo5nbt330g",
                "disk_id": "fhmlklkhmmoo5nbt330g",
                "initialize_params": [
                  {
                    "block_size": 4096,
                    "description": "",
                    "image_id": "fd8qoq7esb0f68ns31bo",
                    "name": "",
                    "size": 10,
                    "snapshot_id": "",
                    "type": "network-hdd"
                  }
                ],
                "mode": "READ_WRITE"
              }
            ],
            "created_at": "2024-10-06T18:57:00Z",
            "description": "TODO: description; {{terraform managed}}",
            "filesystem": [],
            "folder_id": "b1g5trmhbou9o4oc9pps",
            "fqdn": "analytics-analytics-0.ru-central1.internal",
            "gpu_cluster_id": "",
            "hostname": "analytics-analytics-0",
            "id": "fhm6327rj7cbe23u11gk",
            "labels": {
              "owner": "andrey_inozemtsev_aka_drew",
              "project": "analytics"
            },
            "local_disk": [],
            "maintenance_grace_period": "",
            "maintenance_policy": null,
            "metadata": {
              "serial-port-enable": "1",
              "user-data": "users:\n    - name: ubuntu\n      ssh_authorized_keys: \n        - ssh-ed25519 AAAAC3NzaC1lZDI1NTE5AAAAIBVXzsM6WUWHyT10Ux8EKR61Ai5iJ560wTrHR2B46tTA netology@netology-VirtualBox\n\n    groups: sudo\n    shell: /bin/bash\n    sudo: [\"ALL=(ALL) NOPASSWD:ALL\"]\npackage_update: true\npackage_upgrade: false\npackages:\n   nginx"
            },
            "metadata_options": [
              {
                "aws_v1_http_endpoint": 1,
                "aws_v1_http_token": 2,
                "gce_http_endpoint": 1,
                "gce_http_token": 1
              }
            ],
            "name": "analytics-analytics-0",
            "network_acceleration_type": "standard",
            "network_interface": [
              {
                "dns_record": [],
                "index": 0,
                "ip_address": "10.0.1.31",
                "ipv4": true,
                "ipv6": false,
                "ipv6_address": "",
                "ipv6_dns_record": [],
                "mac_address": "d0:0d:61:88:fb:99",
                "nat": true,
                "nat_dns_record": [],
                "nat_ip_address": "89.169.157.241",
                "nat_ip_version": "IPV4",
                "security_group_ids": [],
                "subnet_id": "e9b2au2tiebhosggrts0"
              }
            ],
            "placement_policy": [
              {
                "host_affinity_rules": [],
                "placement_group_id": "",
                "placement_group_partition": 0
              }
            ],
            "platform_id": "standard-v1",
            "resources": [
              {
                "core_fraction": 5,
                "cores": 2,
                "gpus": 0,
                "memory": 1
              }
            ],
            "scheduling_policy": [
              {
                "preemptible": true
              }
            ],
            "secondary_disk": [],
            "service_account_id": "",
            "status": "running",
            "timeouts": null,
            "zone": "ru-central1-a"
          },
          "sensitive_attributes": [],
          "private": "eyJlMmJmYjczMC1lY2FhLTExZTYtOGY4OC0zNDM2M2JjN2M0YzAiOnsiY3JlYXRlIjozMDAwMDAwMDAwMDAsImRlbGV0ZSI6MzAwMDAwMDAwMDAwLCJ1cGRhdGUiOjMwMDAwMDAwMDAwMH0sInNjaGVtYV92ZXJzaW9uIjoiMSJ9",
          "dependencies": [
            "data.template_file.cloudinit",
            "module.analytics_vm.data.yandex_compute_image.my_image",
            "module.vpc.yandex_vpc_network.network",
            "module.vpc.yandex_vpc_subnet.subnet"
          ]
        }
      ]
    },
    {
      "module": "module.marketing",
      "mode": "data",
      "type": "yandex_compute_image",
      "name": "my_image",
      "provider": "provider[\"registry.terraform.io/yandex-cloud/yandex\"]",
      "instances": [
        {
          "schema_version": 0,
          "attributes": {
            "created_at": "2024-09-30T10:59:38Z",
            "description": "ubuntu 20.04 lts",
            "family": "ubuntu-2004-lts",
            "folder_id": "standard-images",
            "id": "fd8qoq7esb0f68ns31bo",
            "image_id": "fd8qoq7esb0f68ns31bo",
            "labels": {},
            "min_disk_size": 5,
            "name": "ubuntu-20-04-lts-v20240930",
            "os_type": "linux",
            "pooled": true,
            "product_ids": [
              "f2euk5kbdt5n50i1it6g"
            ],
            "size": 4,
            "status": "ready"
          },
          "sensitive_attributes": []
        }
      ]
    },
    {
      "module": "module.marketing",
      "mode": "managed",
      "type": "yandex_compute_instance",
      "name": "vm",
      "provider": "provider[\"registry.terraform.io/yandex-cloud/yandex\"]",
      "instances": [
        {
          "index_key": 0,
          "schema_version": 1,
          "attributes": {
            "allow_recreate": null,
            "allow_stopping_for_update": true,
            "boot_disk": [
              {
                "auto_delete": true,
                "device_name": "fhmib88odg6o97gvq06b",
                "disk_id": "fhmib88odg6o97gvq06b",
                "initialize_params": [
                  {
                    "block_size": 4096,
                    "description": "",
                    "image_id": "fd8qoq7esb0f68ns31bo",
                    "name": "",
                    "size": 10,
                    "snapshot_id": "",
                    "type": "network-hdd"
                  }
                ],
                "mode": "READ_WRITE"
              }
            ],
            "created_at": "2024-10-06T18:57:00Z",
            "description": "TODO: description; {{terraform managed}}",
            "filesystem": [],
            "folder_id": "b1g5trmhbou9o4oc9pps",
            "fqdn": "marketing-marketing-0.ru-central1.internal",
            "gpu_cluster_id": "",
            "hostname": "marketing-marketing-0",
            "id": "fhmv36185gc1brsr53ev",
            "labels": {
              "owner": "andrey_inozemtsev_aka_drew",
              "project": "marketing"
            },
            "local_disk": [],
            "maintenance_grace_period": "",
            "maintenance_policy": null,
            "metadata": {
              "serial-port-enable": "1",
              "user-data": "users:\n    - name: ubuntu\n      ssh_authorized_keys: \n        - ssh-ed25519 AAAAC3NzaC1lZDI1NTE5AAAAIBVXzsM6WUWHyT10Ux8EKR61Ai5iJ560wTrHR2B46tTA netology@netology-VirtualBox\n\n    groups: sudo\n    shell: /bin/bash\n    sudo: [\"ALL=(ALL) NOPASSWD:ALL\"]\npackage_update: true\npackage_upgrade: false\npackages:\n   nginx"
            },
            "metadata_options": [
              {
                "aws_v1_http_endpoint": 1,
                "aws_v1_http_token": 2,
                "gce_http_endpoint": 1,
                "gce_http_token": 1
              }
            ],
            "name": "marketing-marketing-0",
            "network_acceleration_type": "standard",
            "network_interface": [
              {
                "dns_record": [],
                "index": 0,
                "ip_address": "10.0.1.23",
                "ipv4": true,
                "ipv6": false,
                "ipv6_address": "",
                "ipv6_dns_record": [],
                "mac_address": "d0:0d:1f:19:82:82",
                "nat": true,
                "nat_dns_record": [],
                "nat_ip_address": "89.169.138.233",
                "nat_ip_version": "IPV4",
                "security_group_ids": [],
                "subnet_id": "e9b2au2tiebhosggrts0"
              }
            ],
            "placement_policy": [
              {
                "host_affinity_rules": [],
                "placement_group_id": "",
                "placement_group_partition": 0
              }
            ],
            "platform_id": "standard-v1",
            "resources": [
              {
                "core_fraction": 5,
                "cores": 2,
                "gpus": 0,
                "memory": 1
              }
            ],
            "scheduling_policy": [
              {
                "preemptible": true
              }
            ],
            "secondary_disk": [],
            "service_account_id": "",
            "status": "running",
            "timeouts": null,
            "zone": "ru-central1-a"
          },
          "sensitive_attributes": [],
          "private": "eyJlMmJmYjczMC1lY2FhLTExZTYtOGY4OC0zNDM2M2JjN2M0YzAiOnsiY3JlYXRlIjozMDAwMDAwMDAwMDAsImRlbGV0ZSI6MzAwMDAwMDAwMDAwLCJ1cGRhdGUiOjMwMDAwMDAwMDAwMH0sInNjaGVtYV92ZXJzaW9uIjoiMSJ9",
          "dependencies": [
            "data.template_file.cloudinit",
            "module.marketing.data.yandex_compute_image.my_image",
            "module.vpc.yandex_vpc_network.network",
            "module.vpc.yandex_vpc_subnet.subnet"
          ]
        }
      ]
    },
    {
      "module": "module.vpc",
      "mode": "managed",
      "type": "yandex_vpc_network",
      "name": "network",
      "provider": "provider[\"registry.terraform.io/yandex-cloud/yandex\"]",
      "instances": [
        {
          "schema_version": 0,
          "attributes": {
            "created_at": "2024-10-06T18:56:56Z",
            "default_security_group_id": "enp6jqb5dtic1q3dbvm6",
            "description": "",
            "folder_id": "b1g5trmhbou9o4oc9pps",
            "id": "enp1emfhk84p57pnpvn5",
            "labels": {},
            "name": "main",
            "subnet_ids": [],
            "timeouts": null
          },
          "sensitive_attributes": [],
          "private": "eyJlMmJmYjczMC1lY2FhLTExZTYtOGY4OC0zNDM2M2JjN2M0YzAiOnsiY3JlYXRlIjo2MDAwMDAwMDAwMCwiZGVsZXRlIjo2MDAwMDAwMDAwMCwidXBkYXRlIjo2MDAwMDAwMDAwMH19"
        }
      ]
    },
    {
      "module": "module.vpc",
      "mode": "managed",
      "type": "yandex_vpc_subnet",
      "name": "subnet",
      "provider": "provider[\"registry.terraform.io/yandex-cloud/yandex\"]",
      "instances": [
        {
          "schema_version": 0,
          "attributes": {
            "created_at": "2024-10-06T18:56:59Z",
            "description": "",
            "dhcp_options": [],
            "folder_id": "b1g5trmhbou9o4oc9pps",
            "id": "e9b2au2tiebhosggrts0",
            "labels": {},
            "name": "main-subnet",
            "network_id": "enp1emfhk84p57pnpvn5",
            "route_table_id": "",
            "timeouts": null,
            "v4_cidr_blocks": [
              "10.0.1.0/24"
            ],
            "v6_cidr_blocks": [],
            "zone": "ru-central1-a"
          },
          "sensitive_attributes": [],
          "private": "eyJlMmJmYjczMC1lY2FhLTExZTYtOGY4OC0zNDM2M2JjN2M0YzAiOnsiY3JlYXRlIjoxODAwMDAwMDAwMDAsImRlbGV0ZSI6MTgwMDAwMDAwMDAwLCJ1cGRhdGUiOjE4MDAwMDAwMDAwMH19",
          "dependencies": [
            "module.vpc.yandex_vpc_network.network"
          ]
        }
      ]
    }
  ],
  "check_results": [
    {
      "object_kind": "var",
      "config_addr": "module.marketing.var.platform",
      "status": "pass",
      "objects": [
        {
          "object_addr": "module.marketing.var.platform",
          "status": "pass"
        }
      ]
    },
    {
      "object_kind": "var",
      "config_addr": "module.analytics_vm.var.platform",
      "status": "pass",
      "objects": [
        {
          "object_addr": "module.analytics_vm.var.platform",
          "status": "pass"
        }
      ]
    }
  ]
}
